
Microsoft Visual Studio Solution File, Format Version 12.00
# Visual Studio 14
VisualStudioVersion = 14.0.25420.1
MinimumVisualStudioVersion = 10.0.40219.1
Project("{FAE04EC0-301F-11D3-BF4B-00C04F79EFBC}") = "StrengthTrainer", "StrengthTrainer\StrengthTrainer.csproj", "{242A8B52-DE43-4461-9FAE-0EE82F9E11E4}"
EndProject
Project("{FAE04EC0-301F-11D3-BF4B-00C04F79EFBC}") = "StrengthTrainer.Tests", "StrengthTrainer.Tests\StrengthTrainer.Tests.csproj", "{75CB568B-56F0-4599-A809-B6D8DCFFB667}"
EndProject
Global
	GlobalSection(SolutionConfigurationPlatforms) = preSolution
		Debug|Any CPU = Debug|Any CPU
		Release|Any CPU = Release|Any CPU
	EndGlobalSection
	GlobalSection(ProjectConfigurationPlatforms) = postSolution
		{242A8B52-DE43-4461-9FAE-0EE82F9E11E4}.Debug|Any CPU.ActiveCfg = Debug|Any CPU
		{242A8B52-DE43-4461-9FAE-0EE82F9E11E4}.Debug|Any CPU.Build.0 = Debug|Any CPU
		{242A8B52-DE43-4461-9FAE-0EE82F9E11E4}.Release|Any CPU.ActiveCfg = Release|Any CPU
		{242A8B52-DE43-4461-9FAE-0EE82F9E11E4}.Release|Any CPU.Build.0 = Release|Any CPU
		{75CB568B-56F0-4599-A809-B6D8DCFFB667}.Debug|Any CPU.ActiveCfg = Debug|Any CPU
		{75CB568B-56F0-4599-A809-B6D8DCFFB667}.Debug|Any CPU.Build.0 = Debug|Any CPU
		{75CB568B-56F0-4599-A809-B6D8DCFFB667}.Release|Any CPU.ActiveCfg = Release|Any CPU
		{75CB568B-56F0-4599-A809-B6D8DCFFB667}.Release|Any CPU.Build.0 = Release|Any CPU
	EndGlobalSection
	GlobalSection(SolutionProperties) = preSolution
		HideSolutionNode = FALSE
	EndGlobalSection
EndGlobal
